
Microsoft Visual Studio Solution File, Format Version 12.00
# Visual Studio Version 17
VisualStudioVersion = 17.3.32611.2
MinimumVisualStudioVersion = 10.0.40219.1
Project("{2150E333-8FDC-42A3-9474-1A3956D46DE8}") = "Core", "Core", "{75CCD432-3DA7-437A-B3AA-7D83C2815698}"
EndProject
Project("{2150E333-8FDC-42A3-9474-1A3956D46DE8}") = "Infrastructure", "Infrastructure", "{4CD0420A-E4F6-4679-8EE2-81BB6351BC3F}"
EndProject
Project("{2150E333-8FDC-42A3-9474-1A3956D46DE8}") = "Presentation", "Presentation", "{467C1739-66F2-4997-B334-C5F8F4295E5C}"
EndProject
Project("{2150E333-8FDC-42A3-9474-1A3956D46DE8}") = "Tests", "Tests", "{2217B4B8-4E80-4F82-A62A-DF4BB3FD1099}"
EndProject
Project("{9A19103F-16F7-4668-BE54-9A1E7A4F7556}") = "Domain", "Domain\Domain.csproj", "{20D32DBA-B67D-404E-B9CD-9736E7DE8BC9}"
EndProject
Project("{9A19103F-16F7-4668-BE54-9A1E7A4F7556}") = "Application", "Application\Application.csproj", "{AB75ED29-E84C-4A97-A1A5-192E4BE2F580}"
EndProject
Project("{9A19103F-16F7-4668-BE54-9A1E7A4F7556}") = "Infrastructure", "Infrastructure\Infrastructure.csproj", "{55480FEF-A543-44B1-AE10-BA4A4478B865}"
EndProject
Project("{9A19103F-16F7-4668-BE54-9A1E7A4F7556}") = "WebAPI", "WebAPI\WebAPI.csproj", "{C4A75920-EE70-4995-B801-E93864F7AC1A}"
EndProject
Project("{9A19103F-16F7-4668-BE54-9A1E7A4F7556}") = "RazorClassLibrary", "RazorClassLibrary\RazorClassLibrary.csproj", "{B06F864D-691F-4A43-823A-097386458F0A}"
EndProject
Project("{9A19103F-16F7-4668-BE54-9A1E7A4F7556}") = "MAUIBlazorApp", "MAUIBlazorApp\MAUIBlazorApp.csproj", "{6314FB76-9B25-46BB-A3DF-2BD43514420C}"
EndProject
Project("{9A19103F-16F7-4668-BE54-9A1E7A4F7556}") = "BlazorWebAssemblyApp", "BlazorWebAssemblyApp\BlazorWebAssemblyApp.csproj", "{7FDD404C-05DA-4E6A-8DE9-B796A356ED3E}"
EndProject
Project("{2150E333-8FDC-42A3-9474-1A3956D46DE8}") = "IdentityProvider", "IdentityProvider", "{B90CBA38-764A-4418-8531-446C7609D990}"
EndProject
Project("{9A19103F-16F7-4668-BE54-9A1E7A4F7556}") = "Server", "Server\Server.csproj", "{89124524-0389-4B5A-8F0A-3707DAADA3F5}"
EndProject
Project("{2150E333-8FDC-42A3-9474-1A3956D46DE8}") = "Utility", "Utility", "{81A58926-3E41-4DB9-8F2E-E071B141D13E}"
EndProject
Project("{FAE04EC0-301F-11D3-BF4B-00C04F79EFBC}") = "Generators", "Generators\Generators.csproj", "{639A40E8-3B85-4697-95FA-E54A758FD669}"
EndProject
Global
	GlobalSection(SolutionConfigurationPlatforms) = preSolution
		Debug|Any CPU = Debug|Any CPU
		Release|Any CPU = Release|Any CPU
	EndGlobalSection
	GlobalSection(ProjectConfigurationPlatforms) = postSolution
		{20D32DBA-B67D-404E-B9CD-9736E7DE8BC9}.Debug|Any CPU.ActiveCfg = Debug|Any CPU
		{20D32DBA-B67D-404E-B9CD-9736E7DE8BC9}.Debug|Any CPU.Build.0 = Debug|Any CPU
		{20D32DBA-B67D-404E-B9CD-9736E7DE8BC9}.Release|Any CPU.ActiveCfg = Release|Any CPU
		{20D32DBA-B67D-404E-B9CD-9736E7DE8BC9}.Release|Any CPU.Build.0 = Release|Any CPU
		{AB75ED29-E84C-4A97-A1A5-192E4BE2F580}.Debug|Any CPU.ActiveCfg = Debug|Any CPU
		{AB75ED29-E84C-4A97-A1A5-192E4BE2F580}.Debug|Any CPU.Build.0 = Debug|Any CPU
		{AB75ED29-E84C-4A97-A1A5-192E4BE2F580}.Release|Any CPU.ActiveCfg = Release|Any CPU
		{AB75ED29-E84C-4A97-A1A5-192E4BE2F580}.Release|Any CPU.Build.0 = Release|Any CPU
		{55480FEF-A543-44B1-AE10-BA4A4478B865}.Debug|Any CPU.ActiveCfg = Debug|Any CPU
		{55480FEF-A543-44B1-AE10-BA4A4478B865}.Debug|Any CPU.Build.0 = Debug|Any CPU
		{55480FEF-A543-44B1-AE10-BA4A4478B865}.Release|Any CPU.ActiveCfg = Release|Any CPU
		{55480FEF-A543-44B1-AE10-BA4A4478B865}.Release|Any CPU.Build.0 = Release|Any CPU
		{C4A75920-EE70-4995-B801-E93864F7AC1A}.Debug|Any CPU.ActiveCfg = Debug|Any CPU
		{C4A75920-EE70-4995-B801-E93864F7AC1A}.Debug|Any CPU.Build.0 = Debug|Any CPU
		{C4A75920-EE70-4995-B801-E93864F7AC1A}.Release|Any CPU.ActiveCfg = Release|Any CPU
		{C4A75920-EE70-4995-B801-E93864F7AC1A}.Release|Any CPU.Build.0 = Release|Any CPU
		{B06F864D-691F-4A43-823A-097386458F0A}.Debug|Any CPU.ActiveCfg = Debug|Any CPU
		{B06F864D-691F-4A43-823A-097386458F0A}.Debug|Any CPU.Build.0 = Debug|Any CPU
		{B06F864D-691F-4A43-823A-097386458F0A}.Release|Any CPU.ActiveCfg = Release|Any CPU
		{B06F864D-691F-4A43-823A-097386458F0A}.Release|Any CPU.Build.0 = Release|Any CPU
		{6314FB76-9B25-46BB-A3DF-2BD43514420C}.Debug|Any CPU.ActiveCfg = Debug|Any CPU
		{6314FB76-9B25-46BB-A3DF-2BD43514420C}.Debug|Any CPU.Build.0 = Debug|Any CPU
		{6314FB76-9B25-46BB-A3DF-2BD43514420C}.Debug|Any CPU.Deploy.0 = Debug|Any CPU
		{6314FB76-9B25-46BB-A3DF-2BD43514420C}.Release|Any CPU.ActiveCfg = Release|Any CPU
		{6314FB76-9B25-46BB-A3DF-2BD43514420C}.Release|Any CPU.Build.0 = Release|Any CPU
		{6314FB76-9B25-46BB-A3DF-2BD43514420C}.Release|Any CPU.Deploy.0 = Release|Any CPU
		{7FDD404C-05DA-4E6A-8DE9-B796A356ED3E}.Debug|Any CPU.ActiveCfg = Debug|Any CPU
		{7FDD404C-05DA-4E6A-8DE9-B796A356ED3E}.Debug|Any CPU.Build.0 = Debug|Any CPU
		{7FDD404C-05DA-4E6A-8DE9-B796A356ED3E}.Release|Any CPU.ActiveCfg = Release|Any CPU
		{7FDD404C-05DA-4E6A-8DE9-B796A356ED3E}.Release|Any CPU.Build.0 = Release|Any CPU
		{89124524-0389-4B5A-8F0A-3707DAADA3F5}.Debug|Any CPU.ActiveCfg = Debug|Any CPU
		{89124524-0389-4B5A-8F0A-3707DAADA3F5}.Debug|Any CPU.Build.0 = Debug|Any CPU
		{89124524-0389-4B5A-8F0A-3707DAADA3F5}.Release|Any CPU.ActiveCfg = Release|Any CPU
		{89124524-0389-4B5A-8F0A-3707DAADA3F5}.Release|Any CPU.Build.0 = Release|Any CPU
		{639A40E8-3B85-4697-95FA-E54A758FD669}.Debug|Any CPU.ActiveCfg = Debug|Any CPU
		{639A40E8-3B85-4697-95FA-E54A758FD669}.Debug|Any CPU.Build.0 = Debug|Any CPU
		{639A40E8-3B85-4697-95FA-E54A758FD669}.Release|Any CPU.ActiveCfg = Release|Any CPU
		{639A40E8-3B85-4697-95FA-E54A758FD669}.Release|Any CPU.Build.0 = Release|Any CPU
	EndGlobalSection
	GlobalSection(SolutionProperties) = preSolution
		HideSolutionNode = FALSE
	EndGlobalSection
	GlobalSection(NestedProjects) = preSolution
		{20D32DBA-B67D-404E-B9CD-9736E7DE8BC9} = {75CCD432-3DA7-437A-B3AA-7D83C2815698}
		{AB75ED29-E84C-4A97-A1A5-192E4BE2F580} = {75CCD432-3DA7-437A-B3AA-7D83C2815698}
		{55480FEF-A543-44B1-AE10-BA4A4478B865} = {4CD0420A-E4F6-4679-8EE2-81BB6351BC3F}
		{C4A75920-EE70-4995-B801-E93864F7AC1A} = {467C1739-66F2-4997-B334-C5F8F4295E5C}
		{B06F864D-691F-4A43-823A-097386458F0A} = {467C1739-66F2-4997-B334-C5F8F4295E5C}
		{6314FB76-9B25-46BB-A3DF-2BD43514420C} = {467C1739-66F2-4997-B334-C5F8F4295E5C}
		{7FDD404C-05DA-4E6A-8DE9-B796A356ED3E} = {467C1739-66F2-4997-B334-C5F8F4295E5C}
		{89124524-0389-4B5A-8F0A-3707DAADA3F5} = {B90CBA38-764A-4418-8531-446C7609D990}
		{639A40E8-3B85-4697-95FA-E54A758FD669} = {81A58926-3E41-4DB9-8F2E-E071B141D13E}
	EndGlobalSection
	GlobalSection(ExtensibilityGlobals) = postSolution
		SolutionGuid = {245A6038-4F28-4F7D-A8F5-FA6813E194B4}
	EndGlobalSection
EndGlobal
